# generated by rye
# use `rye lock` or `rye sync` to update this lockfile
#
# last locked with the following flags:
#   pre: false
#   features: []
#   all-features: false
#   with-sources: false

-e file:.
alembic==1.13.1
    # via backend
annotated-types==0.6.0
    # via pydantic
anyio==4.3.0
    # via httpx
    # via starlette
bcrypt==4.1.2
    # via backend
cachetools==5.3.3
    # via premailer
certifi==2024.2.2
    # via httpcore
    # via httpx
    # via requests
    # via sentry-sdk
chardet==5.2.0
    # via emails
charset-normalizer==3.3.2
    # via requests
click==8.1.7
    # via uvicorn
cssselect==1.2.0
    # via premailer
cssutils==2.9.0
    # via emails
    # via premailer
dnspython==2.6.1
    # via email-validator
ecdsa==0.18.0
    # via python-jose
email-validator==2.1.1
    # via backend
emails==0.6
    # via backend
fastapi==0.110.0
    # via backend
greenlet==3.0.3
    # via sqlalchemy
gunicorn==21.2.0
    # via backend
h11==0.14.0
    # via httpcore
    # via uvicorn
httpcore==1.0.4
    # via httpx
httpx==0.27.0
    # via backend
idna==3.6
    # via anyio
    # via email-validator
    # via httpx
    # via requests
jinja2==3.1.3
    # via backend
lxml==5.1.0
    # via emails
    # via premailer
mako==1.3.2
    # via alembic
markupsafe==2.1.5
    # via jinja2
    # via mako
packaging==24.0
    # via gunicorn
passlib==1.7.4
    # via backend
premailer==3.10.0
    # via emails
psycopg==3.1.18
    # via backend
pyasn1==0.5.1
    # via python-jose
    # via rsa
pydantic==2.6.4
    # via backend
    # via fastapi
    # via pydantic-settings
    # via sqlmodel
pydantic-core==2.16.3
    # via pydantic
pydantic-settings==2.2.1
    # via backend
python-dateutil==2.9.0.post0
    # via emails
python-dotenv==1.0.1
    # via pydantic-settings
python-jose==3.3.0
    # via backend
python-multipart==0.0.9
    # via backend
requests==2.31.0
    # via emails
    # via premailer
rsa==4.9
    # via python-jose
sentry-sdk==1.41.0
    # via backend
six==1.16.0
    # via ecdsa
    # via python-dateutil
sniffio==1.3.1
    # via anyio
    # via httpx
sqlalchemy==2.0.28
    # via alembic
    # via sqlmodel
sqlmodel==0.0.16
    # via backend
starlette==0.36.3
    # via fastapi
tenacity==8.2.3
    # via backend
typing-extensions==4.10.0
    # via alembic
    # via fastapi
    # via psycopg
    # via pydantic
    # via pydantic-core
    # via sqlalchemy
urllib3==2.2.1
    # via requests
    # via sentry-sdk
uvicorn==0.28.0
    # via backend
